
Microsoft Visual Studio Solution File, Format Version 12.00
# Visual Studio Version 17
VisualStudioVersion = 17.7.34024.191
MinimumVisualStudioVersion = 10.0.40219.1
Project("{9A19103F-16F7-4668-BE54-9A1E7A4F7556}") = "Datentypen", "Class1\Datentypen\Datentypen.csproj", "{37EABE56-AA03-41B8-BD73-DB23D1604578}"
EndProject
Project("{9A19103F-16F7-4668-BE54-9A1E7A4F7556}") = "SwaP", "Class1\SwaP\SwaP.csproj", "{7EFFB203-3424-4D73-AB2C-754AE9C38E4C}"
EndProject
Project("{9A19103F-16F7-4668-BE54-9A1E7A4F7556}") = "TextRepeater", "Class1\TextRepeater\TextRepeater.csproj", "{3EEEB709-8135-4FF0-B21B-E5A0EAF7B7DC}"
EndProject
Project("{9A19103F-16F7-4668-BE54-9A1E7A4F7556}") = "DrawCharacter", "Class1\DrawCharacter\DrawCharacter.csproj", "{420AD74D-B4AF-421D-AAA4-04D619C112A5}"
EndProject
Project("{9A19103F-16F7-4668-BE54-9A1E7A4F7556}") = "UserInput", "Class1\TheCrappyMenuApp\UserInput.csproj", "{CF05AFB5-A580-4196-8A1F-246A74361918}"
EndProject
Project("{9A19103F-16F7-4668-BE54-9A1E7A4F7556}") = "ControlledStaticMethods", "Class1\ControlledStaticMethods\ControlledStaticMethods.csproj", "{A2DBDA5E-C624-4B81-A010-65DEF0371A20}"
EndProject
Project("{9A19103F-16F7-4668-BE54-9A1E7A4F7556}") = "ShittyThings", "Class1\ShittyThings\ShittyThings.csproj", "{15BDAA21-2879-4365-B709-066465D26D8D}"
EndProject
Project("{9A19103F-16F7-4668-BE54-9A1E7A4F7556}") = "Array", "Class1\Array\Array.csproj", "{89EE6047-5F91-47CD-AA52-45855794DF17}"
EndProject
Project("{9A19103F-16F7-4668-BE54-9A1E7A4F7556}") = "ArraysAndHeck", "Class1\ArraysAndHeck\ArraysAndHeck.csproj", "{CE1ED449-1349-4070-8078-E58B062AF1C3}"
EndProject
Project("{9A19103F-16F7-4668-BE54-9A1E7A4F7556}") = "Sorting", "Class1\Sorting\Sorting.csproj", "{B89E464E-AC8C-4F61-BB83-AEFB727654A8}"
EndProject
Project("{9A19103F-16F7-4668-BE54-9A1E7A4F7556}") = "SortingHell", "Class1\SortingHell\SortingHell.csproj", "{AE77B676-E554-4B80-8F01-FE409DA45452}"
EndProject
Project("{9A19103F-16F7-4668-BE54-9A1E7A4F7556}") = "Pointer", "Class1\Pointer\Pointer.csproj", "{55918435-37BD-4C03-B561-74C3EFD5C63B}"
EndProject
Project("{9A19103F-16F7-4668-BE54-9A1E7A4F7556}") = "ObjectOriantedDrawingShit", "Class1\ObjectOriantedDrawingShit\ObjectOriantedDrawingShit.csproj", "{183CBB27-67FA-40D6-9B23-D4AC63AFBFC3}"
EndProject
Project("{2150E333-8FDC-42A3-9474-1A3956D46DE8}") = "GUIs", "GUIs", "{419F5735-4AE6-475C-A978-254BFFC21C0B}"
EndProject
Project("{2150E333-8FDC-42A3-9474-1A3956D46DE8}") = "Arrays", "Arrays", "{433DB146-3959-4A14-A4B8-DF0123C2073E}"
EndProject
Project("{2150E333-8FDC-42A3-9474-1A3956D46DE8}") = "Drawing", "Drawing", "{77F09ABA-F844-4DE0-9C50-BD504C8D6915}"
EndProject
Project("{2150E333-8FDC-42A3-9474-1A3956D46DE8}") = "OO", "OO", "{61706C39-E3DB-49CC-9C75-AA6D89C6EA0B}"
EndProject
Project("{2150E333-8FDC-42A3-9474-1A3956D46DE8}") = "Basics", "Basics", "{09CC2C98-237B-43E4-9BB4-5B27438571FD}"
EndProject
Project("{FAE04EC0-301F-11D3-BF4B-00C04F79EFBC}") = "WPFPDF", "Class1\WPFPDF\WPFPDF.csproj", "{888C0378-1EE5-43A5-8703-7118E4F5A76E}"
EndProject
Project("{FAE04EC0-301F-11D3-BF4B-00C04F79EFBC}") = "BSWPFLib", "Class1\BSWPFLib\BSWPFLib.csproj", "{CEF8A66A-398E-4BAF-950A-ECEF4C393A28}"
EndProject
Project("{2150E333-8FDC-42A3-9474-1A3956D46DE8}") = "Libraries", "Libraries", "{B32C484C-BAA9-4B14-80B5-1561C6C607A8}"
EndProject
Project("{2150E333-8FDC-42A3-9474-1A3956D46DE8}") = "1st Class", "1st Class", "{69265F7B-5379-4DB1-8BD9-D24D558199DB}"
EndProject
Project("{2150E333-8FDC-42A3-9474-1A3956D46DE8}") = "Benchmarks", "Benchmarks", "{BA3908DE-21E4-4ED4-935A-51DFD2329A5B}"
EndProject
Project("{9A19103F-16F7-4668-BE54-9A1E7A4F7556}") = "Benchmarks", "Benchmarks\Benchmarks.csproj", "{798E11FD-F89E-4515-9A0F-E96C2C029495}"
EndProject
Project("{9A19103F-16F7-4668-BE54-9A1E7A4F7556}") = "Guesser", "Other Stuff\Guesser\Guesser.csproj", "{AC6A735F-778F-46C4-9093-FF2607566E6D}"
EndProject
Project("{2150E333-8FDC-42A3-9474-1A3956D46DE8}") = "Other Tools & Projects", "Other Tools & Projects", "{64321394-791F-4F43-9BBA-386822ED41AC}"
EndProject
Global
	GlobalSection(SolutionConfigurationPlatforms) = preSolution
		Debug|Any CPU = Debug|Any CPU
		Debug|ARM32 = Debug|ARM32
		Debug|x64 = Debug|x64
		Release|Any CPU = Release|Any CPU
		Release|ARM32 = Release|ARM32
		Release|x64 = Release|x64
	EndGlobalSection
	GlobalSection(ProjectConfigurationPlatforms) = postSolution
		{37EABE56-AA03-41B8-BD73-DB23D1604578}.Debug|Any CPU.ActiveCfg = Debug|Any CPU
		{37EABE56-AA03-41B8-BD73-DB23D1604578}.Debug|Any CPU.Build.0 = Debug|Any CPU
		{37EABE56-AA03-41B8-BD73-DB23D1604578}.Debug|ARM32.ActiveCfg = Debug|Any CPU
		{37EABE56-AA03-41B8-BD73-DB23D1604578}.Debug|ARM32.Build.0 = Debug|Any CPU
		{37EABE56-AA03-41B8-BD73-DB23D1604578}.Debug|x64.ActiveCfg = Debug|Any CPU
		{37EABE56-AA03-41B8-BD73-DB23D1604578}.Debug|x64.Build.0 = Debug|Any CPU
		{37EABE56-AA03-41B8-BD73-DB23D1604578}.Release|Any CPU.ActiveCfg = Release|Any CPU
		{37EABE56-AA03-41B8-BD73-DB23D1604578}.Release|Any CPU.Build.0 = Release|Any CPU
		{37EABE56-AA03-41B8-BD73-DB23D1604578}.Release|ARM32.ActiveCfg = Release|Any CPU
		{37EABE56-AA03-41B8-BD73-DB23D1604578}.Release|ARM32.Build.0 = Release|Any CPU
		{37EABE56-AA03-41B8-BD73-DB23D1604578}.Release|x64.ActiveCfg = Release|Any CPU
		{37EABE56-AA03-41B8-BD73-DB23D1604578}.Release|x64.Build.0 = Release|Any CPU
		{7EFFB203-3424-4D73-AB2C-754AE9C38E4C}.Debug|Any CPU.ActiveCfg = Debug|Any CPU
		{7EFFB203-3424-4D73-AB2C-754AE9C38E4C}.Debug|Any CPU.Build.0 = Debug|Any CPU
		{7EFFB203-3424-4D73-AB2C-754AE9C38E4C}.Debug|ARM32.ActiveCfg = Debug|Any CPU
		{7EFFB203-3424-4D73-AB2C-754AE9C38E4C}.Debug|ARM32.Build.0 = Debug|Any CPU
		{7EFFB203-3424-4D73-AB2C-754AE9C38E4C}.Debug|x64.ActiveCfg = Debug|Any CPU
		{7EFFB203-3424-4D73-AB2C-754AE9C38E4C}.Debug|x64.Build.0 = Debug|Any CPU
		{7EFFB203-3424-4D73-AB2C-754AE9C38E4C}.Release|Any CPU.ActiveCfg = Release|Any CPU
		{7EFFB203-3424-4D73-AB2C-754AE9C38E4C}.Release|Any CPU.Build.0 = Release|Any CPU
		{7EFFB203-3424-4D73-AB2C-754AE9C38E4C}.Release|ARM32.ActiveCfg = Release|Any CPU
		{7EFFB203-3424-4D73-AB2C-754AE9C38E4C}.Release|ARM32.Build.0 = Release|Any CPU
		{7EFFB203-3424-4D73-AB2C-754AE9C38E4C}.Release|x64.ActiveCfg = Release|Any CPU
		{7EFFB203-3424-4D73-AB2C-754AE9C38E4C}.Release|x64.Build.0 = Release|Any CPU
		{3EEEB709-8135-4FF0-B21B-E5A0EAF7B7DC}.Debug|Any CPU.ActiveCfg = Debug|Any CPU
		{3EEEB709-8135-4FF0-B21B-E5A0EAF7B7DC}.Debug|Any CPU.Build.0 = Debug|Any CPU
		{3EEEB709-8135-4FF0-B21B-E5A0EAF7B7DC}.Debug|ARM32.ActiveCfg = Debug|Any CPU
		{3EEEB709-8135-4FF0-B21B-E5A0EAF7B7DC}.Debug|ARM32.Build.0 = Debug|Any CPU
		{3EEEB709-8135-4FF0-B21B-E5A0EAF7B7DC}.Debug|x64.ActiveCfg = Debug|Any CPU
		{3EEEB709-8135-4FF0-B21B-E5A0EAF7B7DC}.Debug|x64.Build.0 = Debug|Any CPU
		{3EEEB709-8135-4FF0-B21B-E5A0EAF7B7DC}.Release|Any CPU.ActiveCfg = Release|Any CPU
		{3EEEB709-8135-4FF0-B21B-E5A0EAF7B7DC}.Release|Any CPU.Build.0 = Release|Any CPU
		{3EEEB709-8135-4FF0-B21B-E5A0EAF7B7DC}.Release|ARM32.ActiveCfg = Release|Any CPU
		{3EEEB709-8135-4FF0-B21B-E5A0EAF7B7DC}.Release|ARM32.Build.0 = Release|Any CPU
		{3EEEB709-8135-4FF0-B21B-E5A0EAF7B7DC}.Release|x64.ActiveCfg = Release|Any CPU
		{3EEEB709-8135-4FF0-B21B-E5A0EAF7B7DC}.Release|x64.Build.0 = Release|Any CPU
		{420AD74D-B4AF-421D-AAA4-04D619C112A5}.Debug|Any CPU.ActiveCfg = Debug|Any CPU
		{420AD74D-B4AF-421D-AAA4-04D619C112A5}.Debug|Any CPU.Build.0 = Debug|Any CPU
		{420AD74D-B4AF-421D-AAA4-04D619C112A5}.Debug|ARM32.ActiveCfg = Debug|Any CPU
		{420AD74D-B4AF-421D-AAA4-04D619C112A5}.Debug|ARM32.Build.0 = Debug|Any CPU
		{420AD74D-B4AF-421D-AAA4-04D619C112A5}.Debug|x64.ActiveCfg = Debug|Any CPU
		{420AD74D-B4AF-421D-AAA4-04D619C112A5}.Debug|x64.Build.0 = Debug|Any CPU
		{420AD74D-B4AF-421D-AAA4-04D619C112A5}.Release|Any CPU.ActiveCfg = Release|Any CPU
		{420AD74D-B4AF-421D-AAA4-04D619C112A5}.Release|Any CPU.Build.0 = Release|Any CPU
		{420AD74D-B4AF-421D-AAA4-04D619C112A5}.Release|ARM32.ActiveCfg = Release|Any CPU
		{420AD74D-B4AF-421D-AAA4-04D619C112A5}.Release|ARM32.Build.0 = Release|Any CPU
		{420AD74D-B4AF-421D-AAA4-04D619C112A5}.Release|x64.ActiveCfg = Release|Any CPU
		{420AD74D-B4AF-421D-AAA4-04D619C112A5}.Release|x64.Build.0 = Release|Any CPU
		{CF05AFB5-A580-4196-8A1F-246A74361918}.Debug|Any CPU.ActiveCfg = Debug|Any CPU
		{CF05AFB5-A580-4196-8A1F-246A74361918}.Debug|Any CPU.Build.0 = Debug|Any CPU
		{CF05AFB5-A580-4196-8A1F-246A74361918}.Debug|ARM32.ActiveCfg = Debug|Any CPU
		{CF05AFB5-A580-4196-8A1F-246A74361918}.Debug|ARM32.Build.0 = Debug|Any CPU
		{CF05AFB5-A580-4196-8A1F-246A74361918}.Debug|x64.ActiveCfg = Debug|Any CPU
		{CF05AFB5-A580-4196-8A1F-246A74361918}.Debug|x64.Build.0 = Debug|Any CPU
		{CF05AFB5-A580-4196-8A1F-246A74361918}.Release|Any CPU.ActiveCfg = Release|Any CPU
		{CF05AFB5-A580-4196-8A1F-246A74361918}.Release|Any CPU.Build.0 = Release|Any CPU
		{CF05AFB5-A580-4196-8A1F-246A74361918}.Release|ARM32.ActiveCfg = Release|Any CPU
		{CF05AFB5-A580-4196-8A1F-246A74361918}.Release|ARM32.Build.0 = Release|Any CPU
		{CF05AFB5-A580-4196-8A1F-246A74361918}.Release|x64.ActiveCfg = Release|Any CPU
		{CF05AFB5-A580-4196-8A1F-246A74361918}.Release|x64.Build.0 = Release|Any CPU
		{A2DBDA5E-C624-4B81-A010-65DEF0371A20}.Debug|Any CPU.ActiveCfg = Debug|Any CPU
		{A2DBDA5E-C624-4B81-A010-65DEF0371A20}.Debug|Any CPU.Build.0 = Debug|Any CPU
		{A2DBDA5E-C624-4B81-A010-65DEF0371A20}.Debug|ARM32.ActiveCfg = Debug|Any CPU
		{A2DBDA5E-C624-4B81-A010-65DEF0371A20}.Debug|ARM32.Build.0 = Debug|Any CPU
		{A2DBDA5E-C624-4B81-A010-65DEF0371A20}.Debug|x64.ActiveCfg = Debug|Any CPU
		{A2DBDA5E-C624-4B81-A010-65DEF0371A20}.Debug|x64.Build.0 = Debug|Any CPU
		{A2DBDA5E-C624-4B81-A010-65DEF0371A20}.Release|Any CPU.ActiveCfg = Release|Any CPU
		{A2DBDA5E-C624-4B81-A010-65DEF0371A20}.Release|Any CPU.Build.0 = Release|Any CPU
		{A2DBDA5E-C624-4B81-A010-65DEF0371A20}.Release|ARM32.ActiveCfg = Release|Any CPU
		{A2DBDA5E-C624-4B81-A010-65DEF0371A20}.Release|ARM32.Build.0 = Release|Any CPU
		{A2DBDA5E-C624-4B81-A010-65DEF0371A20}.Release|x64.ActiveCfg = Release|Any CPU
		{A2DBDA5E-C624-4B81-A010-65DEF0371A20}.Release|x64.Build.0 = Release|Any CPU
		{15BDAA21-2879-4365-B709-066465D26D8D}.Debug|Any CPU.ActiveCfg = Debug|Any CPU
		{15BDAA21-2879-4365-B709-066465D26D8D}.Debug|Any CPU.Build.0 = Debug|Any CPU
		{15BDAA21-2879-4365-B709-066465D26D8D}.Debug|ARM32.ActiveCfg = Debug|Any CPU
		{15BDAA21-2879-4365-B709-066465D26D8D}.Debug|ARM32.Build.0 = Debug|Any CPU
		{15BDAA21-2879-4365-B709-066465D26D8D}.Debug|x64.ActiveCfg = Debug|Any CPU
		{15BDAA21-2879-4365-B709-066465D26D8D}.Debug|x64.Build.0 = Debug|Any CPU
		{15BDAA21-2879-4365-B709-066465D26D8D}.Release|Any CPU.ActiveCfg = Release|Any CPU
		{15BDAA21-2879-4365-B709-066465D26D8D}.Release|Any CPU.Build.0 = Release|Any CPU
		{15BDAA21-2879-4365-B709-066465D26D8D}.Release|ARM32.ActiveCfg = Release|Any CPU
		{15BDAA21-2879-4365-B709-066465D26D8D}.Release|ARM32.Build.0 = Release|Any CPU
		{15BDAA21-2879-4365-B709-066465D26D8D}.Release|x64.ActiveCfg = Release|Any CPU
		{15BDAA21-2879-4365-B709-066465D26D8D}.Release|x64.Build.0 = Release|Any CPU
		{89EE6047-5F91-47CD-AA52-45855794DF17}.Debug|Any CPU.ActiveCfg = Debug|Any CPU
		{89EE6047-5F91-47CD-AA52-45855794DF17}.Debug|Any CPU.Build.0 = Debug|Any CPU
		{89EE6047-5F91-47CD-AA52-45855794DF17}.Debug|ARM32.ActiveCfg = Debug|Any CPU
		{89EE6047-5F91-47CD-AA52-45855794DF17}.Debug|ARM32.Build.0 = Debug|Any CPU
		{89EE6047-5F91-47CD-AA52-45855794DF17}.Debug|x64.ActiveCfg = Debug|Any CPU
		{89EE6047-5F91-47CD-AA52-45855794DF17}.Debug|x64.Build.0 = Debug|Any CPU
		{89EE6047-5F91-47CD-AA52-45855794DF17}.Release|Any CPU.ActiveCfg = Release|Any CPU
		{89EE6047-5F91-47CD-AA52-45855794DF17}.Release|Any CPU.Build.0 = Release|Any CPU
		{89EE6047-5F91-47CD-AA52-45855794DF17}.Release|ARM32.ActiveCfg = Release|Any CPU
		{89EE6047-5F91-47CD-AA52-45855794DF17}.Release|ARM32.Build.0 = Release|Any CPU
		{89EE6047-5F91-47CD-AA52-45855794DF17}.Release|x64.ActiveCfg = Release|Any CPU
		{89EE6047-5F91-47CD-AA52-45855794DF17}.Release|x64.Build.0 = Release|Any CPU
		{CE1ED449-1349-4070-8078-E58B062AF1C3}.Debug|Any CPU.ActiveCfg = Debug|Any CPU
		{CE1ED449-1349-4070-8078-E58B062AF1C3}.Debug|Any CPU.Build.0 = Debug|Any CPU
		{CE1ED449-1349-4070-8078-E58B062AF1C3}.Debug|ARM32.ActiveCfg = Debug|Any CPU
		{CE1ED449-1349-4070-8078-E58B062AF1C3}.Debug|ARM32.Build.0 = Debug|Any CPU
		{CE1ED449-1349-4070-8078-E58B062AF1C3}.Debug|x64.ActiveCfg = Debug|Any CPU
		{CE1ED449-1349-4070-8078-E58B062AF1C3}.Debug|x64.Build.0 = Debug|Any CPU
		{CE1ED449-1349-4070-8078-E58B062AF1C3}.Release|Any CPU.ActiveCfg = Release|Any CPU
		{CE1ED449-1349-4070-8078-E58B062AF1C3}.Release|Any CPU.Build.0 = Release|Any CPU
		{CE1ED449-1349-4070-8078-E58B062AF1C3}.Release|ARM32.ActiveCfg = Release|Any CPU
		{CE1ED449-1349-4070-8078-E58B062AF1C3}.Release|ARM32.Build.0 = Release|Any CPU
		{CE1ED449-1349-4070-8078-E58B062AF1C3}.Release|x64.ActiveCfg = Release|Any CPU
		{CE1ED449-1349-4070-8078-E58B062AF1C3}.Release|x64.Build.0 = Release|Any CPU
		{B89E464E-AC8C-4F61-BB83-AEFB727654A8}.Debug|Any CPU.ActiveCfg = Debug|Any CPU
		{B89E464E-AC8C-4F61-BB83-AEFB727654A8}.Debug|Any CPU.Build.0 = Debug|Any CPU
		{B89E464E-AC8C-4F61-BB83-AEFB727654A8}.Debug|ARM32.ActiveCfg = Debug|Any CPU
		{B89E464E-AC8C-4F61-BB83-AEFB727654A8}.Debug|ARM32.Build.0 = Debug|Any CPU
		{B89E464E-AC8C-4F61-BB83-AEFB727654A8}.Debug|x64.ActiveCfg = Debug|Any CPU
		{B89E464E-AC8C-4F61-BB83-AEFB727654A8}.Debug|x64.Build.0 = Debug|Any CPU
		{B89E464E-AC8C-4F61-BB83-AEFB727654A8}.Release|Any CPU.ActiveCfg = Release|Any CPU
		{B89E464E-AC8C-4F61-BB83-AEFB727654A8}.Release|Any CPU.Build.0 = Release|Any CPU
		{B89E464E-AC8C-4F61-BB83-AEFB727654A8}.Release|ARM32.ActiveCfg = Release|Any CPU
		{B89E464E-AC8C-4F61-BB83-AEFB727654A8}.Release|ARM32.Build.0 = Release|Any CPU
		{B89E464E-AC8C-4F61-BB83-AEFB727654A8}.Release|x64.ActiveCfg = Release|Any CPU
		{B89E464E-AC8C-4F61-BB83-AEFB727654A8}.Release|x64.Build.0 = Release|Any CPU
		{AE77B676-E554-4B80-8F01-FE409DA45452}.Debug|Any CPU.ActiveCfg = Debug|Any CPU
		{AE77B676-E554-4B80-8F01-FE409DA45452}.Debug|Any CPU.Build.0 = Debug|Any CPU
		{AE77B676-E554-4B80-8F01-FE409DA45452}.Debug|ARM32.ActiveCfg = Debug|Any CPU
		{AE77B676-E554-4B80-8F01-FE409DA45452}.Debug|ARM32.Build.0 = Debug|Any CPU
		{AE77B676-E554-4B80-8F01-FE409DA45452}.Debug|x64.ActiveCfg = Debug|Any CPU
		{AE77B676-E554-4B80-8F01-FE409DA45452}.Debug|x64.Build.0 = Debug|Any CPU
		{AE77B676-E554-4B80-8F01-FE409DA45452}.Release|Any CPU.ActiveCfg = Release|Any CPU
		{AE77B676-E554-4B80-8F01-FE409DA45452}.Release|Any CPU.Build.0 = Release|Any CPU
		{AE77B676-E554-4B80-8F01-FE409DA45452}.Release|ARM32.ActiveCfg = Release|Any CPU
		{AE77B676-E554-4B80-8F01-FE409DA45452}.Release|ARM32.Build.0 = Release|Any CPU
		{AE77B676-E554-4B80-8F01-FE409DA45452}.Release|x64.ActiveCfg = Release|Any CPU
		{AE77B676-E554-4B80-8F01-FE409DA45452}.Release|x64.Build.0 = Release|Any CPU
		{55918435-37BD-4C03-B561-74C3EFD5C63B}.Debug|Any CPU.ActiveCfg = Debug|Any CPU
		{55918435-37BD-4C03-B561-74C3EFD5C63B}.Debug|Any CPU.Build.0 = Debug|Any CPU
		{55918435-37BD-4C03-B561-74C3EFD5C63B}.Debug|ARM32.ActiveCfg = Debug|Any CPU
		{55918435-37BD-4C03-B561-74C3EFD5C63B}.Debug|ARM32.Build.0 = Debug|Any CPU
		{55918435-37BD-4C03-B561-74C3EFD5C63B}.Debug|x64.ActiveCfg = Debug|x64
		{55918435-37BD-4C03-B561-74C3EFD5C63B}.Debug|x64.Build.0 = Debug|x64
		{55918435-37BD-4C03-B561-74C3EFD5C63B}.Release|Any CPU.ActiveCfg = Release|Any CPU
		{55918435-37BD-4C03-B561-74C3EFD5C63B}.Release|Any CPU.Build.0 = Release|Any CPU
		{55918435-37BD-4C03-B561-74C3EFD5C63B}.Release|ARM32.ActiveCfg = Release|Any CPU
		{55918435-37BD-4C03-B561-74C3EFD5C63B}.Release|ARM32.Build.0 = Release|Any CPU
		{55918435-37BD-4C03-B561-74C3EFD5C63B}.Release|x64.ActiveCfg = Release|Any CPU
		{55918435-37BD-4C03-B561-74C3EFD5C63B}.Release|x64.Build.0 = Release|Any CPU
		{183CBB27-67FA-40D6-9B23-D4AC63AFBFC3}.Debug|Any CPU.ActiveCfg = Debug|Any CPU
		{183CBB27-67FA-40D6-9B23-D4AC63AFBFC3}.Debug|Any CPU.Build.0 = Debug|Any CPU
		{183CBB27-67FA-40D6-9B23-D4AC63AFBFC3}.Debug|ARM32.ActiveCfg = Debug|Any CPU
		{183CBB27-67FA-40D6-9B23-D4AC63AFBFC3}.Debug|ARM32.Build.0 = Debug|Any CPU
		{183CBB27-67FA-40D6-9B23-D4AC63AFBFC3}.Debug|x64.ActiveCfg = Debug|Any CPU
		{183CBB27-67FA-40D6-9B23-D4AC63AFBFC3}.Debug|x64.Build.0 = Debug|Any CPU
		{183CBB27-67FA-40D6-9B23-D4AC63AFBFC3}.Release|Any CPU.ActiveCfg = Release|Any CPU
		{183CBB27-67FA-40D6-9B23-D4AC63AFBFC3}.Release|Any CPU.Build.0 = Release|Any CPU
		{183CBB27-67FA-40D6-9B23-D4AC63AFBFC3}.Release|ARM32.ActiveCfg = Release|Any CPU
		{183CBB27-67FA-40D6-9B23-D4AC63AFBFC3}.Release|ARM32.Build.0 = Release|Any CPU
		{183CBB27-67FA-40D6-9B23-D4AC63AFBFC3}.Release|x64.ActiveCfg = Release|Any CPU
		{183CBB27-67FA-40D6-9B23-D4AC63AFBFC3}.Release|x64.Build.0 = Release|Any CPU
		{888C0378-1EE5-43A5-8703-7118E4F5A76E}.Debug|Any CPU.ActiveCfg = Debug|Any CPU
		{888C0378-1EE5-43A5-8703-7118E4F5A76E}.Debug|Any CPU.Build.0 = Debug|Any CPU
		{888C0378-1EE5-43A5-8703-7118E4F5A76E}.Debug|ARM32.ActiveCfg = Debug|Any CPU
		{888C0378-1EE5-43A5-8703-7118E4F5A76E}.Debug|ARM32.Build.0 = Debug|Any CPU
		{888C0378-1EE5-43A5-8703-7118E4F5A76E}.Debug|x64.ActiveCfg = Debug|Any CPU
		{888C0378-1EE5-43A5-8703-7118E4F5A76E}.Debug|x64.Build.0 = Debug|Any CPU
		{888C0378-1EE5-43A5-8703-7118E4F5A76E}.Release|Any CPU.ActiveCfg = Release|Any CPU
		{888C0378-1EE5-43A5-8703-7118E4F5A76E}.Release|Any CPU.Build.0 = Release|Any CPU
		{888C0378-1EE5-43A5-8703-7118E4F5A76E}.Release|ARM32.ActiveCfg = Release|Any CPU
		{888C0378-1EE5-43A5-8703-7118E4F5A76E}.Release|ARM32.Build.0 = Release|Any CPU
		{888C0378-1EE5-43A5-8703-7118E4F5A76E}.Release|x64.ActiveCfg = Release|Any CPU
		{888C0378-1EE5-43A5-8703-7118E4F5A76E}.Release|x64.Build.0 = Release|Any CPU
		{CEF8A66A-398E-4BAF-950A-ECEF4C393A28}.Debug|Any CPU.ActiveCfg = Debug|Any CPU
		{CEF8A66A-398E-4BAF-950A-ECEF4C393A28}.Debug|Any CPU.Build.0 = Debug|Any CPU
		{CEF8A66A-398E-4BAF-950A-ECEF4C393A28}.Debug|ARM32.ActiveCfg = Debug|Any CPU
		{CEF8A66A-398E-4BAF-950A-ECEF4C393A28}.Debug|ARM32.Build.0 = Debug|Any CPU
		{CEF8A66A-398E-4BAF-950A-ECEF4C393A28}.Debug|x64.ActiveCfg = Debug|Any CPU
		{CEF8A66A-398E-4BAF-950A-ECEF4C393A28}.Debug|x64.Build.0 = Debug|Any CPU
		{CEF8A66A-398E-4BAF-950A-ECEF4C393A28}.Release|Any CPU.ActiveCfg = Release|Any CPU
		{CEF8A66A-398E-4BAF-950A-ECEF4C393A28}.Release|Any CPU.Build.0 = Release|Any CPU
		{CEF8A66A-398E-4BAF-950A-ECEF4C393A28}.Release|ARM32.ActiveCfg = Release|Any CPU
		{CEF8A66A-398E-4BAF-950A-ECEF4C393A28}.Release|ARM32.Build.0 = Release|Any CPU
		{CEF8A66A-398E-4BAF-950A-ECEF4C393A28}.Release|x64.ActiveCfg = Release|Any CPU
		{CEF8A66A-398E-4BAF-950A-ECEF4C393A28}.Release|x64.Build.0 = Release|Any CPU
		{798E11FD-F89E-4515-9A0F-E96C2C029495}.Debug|Any CPU.ActiveCfg = Debug|Any CPU
		{798E11FD-F89E-4515-9A0F-E96C2C029495}.Debug|Any CPU.Build.0 = Debug|Any CPU
		{798E11FD-F89E-4515-9A0F-E96C2C029495}.Debug|ARM32.ActiveCfg = Debug|Any CPU
		{798E11FD-F89E-4515-9A0F-E96C2C029495}.Debug|ARM32.Build.0 = Debug|Any CPU
		{798E11FD-F89E-4515-9A0F-E96C2C029495}.Debug|x64.ActiveCfg = Debug|Any CPU
		{798E11FD-F89E-4515-9A0F-E96C2C029495}.Debug|x64.Build.0 = Debug|Any CPU
		{798E11FD-F89E-4515-9A0F-E96C2C029495}.Release|Any CPU.ActiveCfg = Release|Any CPU
		{798E11FD-F89E-4515-9A0F-E96C2C029495}.Release|Any CPU.Build.0 = Release|Any CPU
		{798E11FD-F89E-4515-9A0F-E96C2C029495}.Release|ARM32.ActiveCfg = Release|Any CPU
		{798E11FD-F89E-4515-9A0F-E96C2C029495}.Release|ARM32.Build.0 = Release|Any CPU
		{798E11FD-F89E-4515-9A0F-E96C2C029495}.Release|x64.ActiveCfg = Release|Any CPU
		{798E11FD-F89E-4515-9A0F-E96C2C029495}.Release|x64.Build.0 = Release|Any CPU
		{AC6A735F-778F-46C4-9093-FF2607566E6D}.Debug|Any CPU.ActiveCfg = Debug|Any CPU
		{AC6A735F-778F-46C4-9093-FF2607566E6D}.Debug|Any CPU.Build.0 = Debug|Any CPU
		{AC6A735F-778F-46C4-9093-FF2607566E6D}.Debug|ARM32.ActiveCfg = Debug|ARM32
		{AC6A735F-778F-46C4-9093-FF2607566E6D}.Debug|ARM32.Build.0 = Debug|ARM32
		{AC6A735F-778F-46C4-9093-FF2607566E6D}.Debug|x64.ActiveCfg = Debug|Any CPU
		{AC6A735F-778F-46C4-9093-FF2607566E6D}.Debug|x64.Build.0 = Debug|Any CPU
		{AC6A735F-778F-46C4-9093-FF2607566E6D}.Release|Any CPU.ActiveCfg = Release|Any CPU
		{AC6A735F-778F-46C4-9093-FF2607566E6D}.Release|Any CPU.Build.0 = Release|Any CPU
		{AC6A735F-778F-46C4-9093-FF2607566E6D}.Release|ARM32.ActiveCfg = Release|ARM32
		{AC6A735F-778F-46C4-9093-FF2607566E6D}.Release|ARM32.Build.0 = Release|ARM32
		{AC6A735F-778F-46C4-9093-FF2607566E6D}.Release|x64.ActiveCfg = Release|Any CPU
		{AC6A735F-778F-46C4-9093-FF2607566E6D}.Release|x64.Build.0 = Release|Any CPU
	EndGlobalSection
	GlobalSection(SolutionProperties) = preSolution
		HideSolutionNode = FALSE
	EndGlobalSection
	GlobalSection(NestedProjects) = preSolution
		{37EABE56-AA03-41B8-BD73-DB23D1604578} = {09CC2C98-237B-43E4-9BB4-5B27438571FD}
		{7EFFB203-3424-4D73-AB2C-754AE9C38E4C} = {69265F7B-5379-4DB1-8BD9-D24D558199DB}
		{3EEEB709-8135-4FF0-B21B-E5A0EAF7B7DC} = {69265F7B-5379-4DB1-8BD9-D24D558199DB}
		{420AD74D-B4AF-421D-AAA4-04D619C112A5} = {77F09ABA-F844-4DE0-9C50-BD504C8D6915}
		{CF05AFB5-A580-4196-8A1F-246A74361918} = {69265F7B-5379-4DB1-8BD9-D24D558199DB}
		{A2DBDA5E-C624-4B81-A010-65DEF0371A20} = {77F09ABA-F844-4DE0-9C50-BD504C8D6915}
		{15BDAA21-2879-4365-B709-066465D26D8D} = {69265F7B-5379-4DB1-8BD9-D24D558199DB}
		{89EE6047-5F91-47CD-AA52-45855794DF17} = {433DB146-3959-4A14-A4B8-DF0123C2073E}
		{CE1ED449-1349-4070-8078-E58B062AF1C3} = {433DB146-3959-4A14-A4B8-DF0123C2073E}
		{B89E464E-AC8C-4F61-BB83-AEFB727654A8} = {69265F7B-5379-4DB1-8BD9-D24D558199DB}
		{AE77B676-E554-4B80-8F01-FE409DA45452} = {69265F7B-5379-4DB1-8BD9-D24D558199DB}
		{55918435-37BD-4C03-B561-74C3EFD5C63B} = {09CC2C98-237B-43E4-9BB4-5B27438571FD}
		{183CBB27-67FA-40D6-9B23-D4AC63AFBFC3} = {61706C39-E3DB-49CC-9C75-AA6D89C6EA0B}
		{419F5735-4AE6-475C-A978-254BFFC21C0B} = {69265F7B-5379-4DB1-8BD9-D24D558199DB}
		{433DB146-3959-4A14-A4B8-DF0123C2073E} = {69265F7B-5379-4DB1-8BD9-D24D558199DB}
		{77F09ABA-F844-4DE0-9C50-BD504C8D6915} = {69265F7B-5379-4DB1-8BD9-D24D558199DB}
		{61706C39-E3DB-49CC-9C75-AA6D89C6EA0B} = {69265F7B-5379-4DB1-8BD9-D24D558199DB}
		{09CC2C98-237B-43E4-9BB4-5B27438571FD} = {69265F7B-5379-4DB1-8BD9-D24D558199DB}
		{888C0378-1EE5-43A5-8703-7118E4F5A76E} = {419F5735-4AE6-475C-A978-254BFFC21C0B}
		{CEF8A66A-398E-4BAF-950A-ECEF4C393A28} = {B32C484C-BAA9-4B14-80B5-1561C6C607A8}
		{B32C484C-BAA9-4B14-80B5-1561C6C607A8} = {69265F7B-5379-4DB1-8BD9-D24D558199DB}
		{798E11FD-F89E-4515-9A0F-E96C2C029495} = {BA3908DE-21E4-4ED4-935A-51DFD2329A5B}
		{AC6A735F-778F-46C4-9093-FF2607566E6D} = {64321394-791F-4F43-9BBA-386822ED41AC}
	EndGlobalSection
	GlobalSection(ExtensibilityGlobals) = postSolution
		SolutionGuid = {D8C6D0B0-8943-48E9-9758-2B6BF3B220F6}
	EndGlobalSection
EndGlobal
