
Microsoft Visual Studio Solution File, Format Version 12.00
# Visual Studio Version 17
VisualStudioVersion = 17.7.34024.191
MinimumVisualStudioVersion = 10.0.40219.1
Project("{9A19103F-16F7-4668-BE54-9A1E7A4F7556}") = "Datentypen", "Datentypen\Datentypen.csproj", "{37EABE56-AA03-41B8-BD73-DB23D1604578}"
EndProject
Project("{9A19103F-16F7-4668-BE54-9A1E7A4F7556}") = "SwaP", "SwaP\SwaP.csproj", "{7EFFB203-3424-4D73-AB2C-754AE9C38E4C}"
EndProject
Project("{9A19103F-16F7-4668-BE54-9A1E7A4F7556}") = "TextRepeater", "TextRepeater\TextRepeater.csproj", "{3EEEB709-8135-4FF0-B21B-E5A0EAF7B7DC}"
EndProject
Project("{9A19103F-16F7-4668-BE54-9A1E7A4F7556}") = "DrawCharacter", "DrawCharacter\DrawCharacter.csproj", "{420AD74D-B4AF-421D-AAA4-04D619C112A5}"
EndProject
Project("{FAE04EC0-301F-11D3-BF4B-00C04F79EFBC}") = "UserInput", "TheCrappyMenuApp\UserInput.csproj", "{CF05AFB5-A580-4196-8A1F-246A74361918}"
EndProject
Global
	GlobalSection(SolutionConfigurationPlatforms) = preSolution
		Debug|Any CPU = Debug|Any CPU
		Release|Any CPU = Release|Any CPU
	EndGlobalSection
	GlobalSection(ProjectConfigurationPlatforms) = postSolution
		{37EABE56-AA03-41B8-BD73-DB23D1604578}.Debug|Any CPU.ActiveCfg = Debug|Any CPU
		{37EABE56-AA03-41B8-BD73-DB23D1604578}.Debug|Any CPU.Build.0 = Debug|Any CPU
		{37EABE56-AA03-41B8-BD73-DB23D1604578}.Release|Any CPU.ActiveCfg = Release|Any CPU
		{37EABE56-AA03-41B8-BD73-DB23D1604578}.Release|Any CPU.Build.0 = Release|Any CPU
		{7EFFB203-3424-4D73-AB2C-754AE9C38E4C}.Debug|Any CPU.ActiveCfg = Debug|Any CPU
		{7EFFB203-3424-4D73-AB2C-754AE9C38E4C}.Debug|Any CPU.Build.0 = Debug|Any CPU
		{7EFFB203-3424-4D73-AB2C-754AE9C38E4C}.Release|Any CPU.ActiveCfg = Release|Any CPU
		{7EFFB203-3424-4D73-AB2C-754AE9C38E4C}.Release|Any CPU.Build.0 = Release|Any CPU
		{3EEEB709-8135-4FF0-B21B-E5A0EAF7B7DC}.Debug|Any CPU.ActiveCfg = Debug|Any CPU
		{3EEEB709-8135-4FF0-B21B-E5A0EAF7B7DC}.Debug|Any CPU.Build.0 = Debug|Any CPU
		{3EEEB709-8135-4FF0-B21B-E5A0EAF7B7DC}.Release|Any CPU.ActiveCfg = Release|Any CPU
		{3EEEB709-8135-4FF0-B21B-E5A0EAF7B7DC}.Release|Any CPU.Build.0 = Release|Any CPU
		{420AD74D-B4AF-421D-AAA4-04D619C112A5}.Debug|Any CPU.ActiveCfg = Debug|Any CPU
		{420AD74D-B4AF-421D-AAA4-04D619C112A5}.Debug|Any CPU.Build.0 = Debug|Any CPU
		{420AD74D-B4AF-421D-AAA4-04D619C112A5}.Release|Any CPU.ActiveCfg = Release|Any CPU
		{420AD74D-B4AF-421D-AAA4-04D619C112A5}.Release|Any CPU.Build.0 = Release|Any CPU
		{CF05AFB5-A580-4196-8A1F-246A74361918}.Debug|Any CPU.ActiveCfg = Debug|Any CPU
		{CF05AFB5-A580-4196-8A1F-246A74361918}.Debug|Any CPU.Build.0 = Debug|Any CPU
		{CF05AFB5-A580-4196-8A1F-246A74361918}.Release|Any CPU.ActiveCfg = Release|Any CPU
		{CF05AFB5-A580-4196-8A1F-246A74361918}.Release|Any CPU.Build.0 = Release|Any CPU
	EndGlobalSection
	GlobalSection(SolutionProperties) = preSolution
		HideSolutionNode = FALSE
	EndGlobalSection
	GlobalSection(ExtensibilityGlobals) = postSolution
		SolutionGuid = {D8C6D0B0-8943-48E9-9758-2B6BF3B220F6}
	EndGlobalSection
EndGlobal
